// !$*UTF8*$!
{
	archiveVersion = 1;
	classes = {
	};
	objectVersion = 46;
	objects = {

/* Begin PBXBuildFile section */
		9F67B6B41B10683200192A11 /* 线圈.png in Resources */ = {isa = PBXBuildFile; fileRef = 9F67B6B31B10683200192A11 /* 线圈.png */; };
		9FC923071B0F4C5C005C98A3 /* main.m in Sources */ = {isa = PBXBuildFile; fileRef = 9FC923061B0F4C5C005C98A3 /* main.m */; };
		9FC9230A1B0F4C5C005C98A3 /* AppDelegate.m in Sources */ = {isa = PBXBuildFile; fileRef = 9FC923091B0F4C5C005C98A3 /* AppDelegate.m */; };
		9FC9230D1B0F4C5C005C98A3 /* ViewController.m in Sources */ = {isa = PBXBuildFile; fileRef = 9FC9230C1B0F4C5C005C98A3 /* ViewController.m */; };
		9FC923101B0F4C5C005C98A3 /* Main.storyboard in Resources */ = {isa = PBXBuildFile; fileRef = 9FC9230E1B0F4C5C005C98A3 /* Main.storyboard */; };
		9FC923121B0F4C5C005C98A3 /* Images.xcassets in Resources */ = {isa = PBXBuildFile; fileRef = 9FC923111B0F4C5C005C98A3 /* Images.xcassets */; };
		9FC923151B0F4C5C005C98A3 /* LaunchScreen.xib in Resources */ = {isa = PBXBuildFile; fileRef = 9FC923131B0F4C5C005C98A3 /* LaunchScreen.xib */; };
		9FC9232C1B0F50D5005C98A3 /* 6.png in Resources */ = {isa = PBXBuildFile; fileRef = 9FC9232B1B0F50D5005C98A3 /* 6.png */; };
		9FC9232E1B0F579E005C98A3 /* Oval 63.png in Resources */ = {isa = PBXBuildFile; fileRef = 9FC9232D1B0F579E005C98A3 /* Oval 63.png */; };
		9FC923301B0F63E2005C98A3 /* OCRAStd.otf in Resources */ = {isa = PBXBuildFile; fileRef = 9FC9232F1B0F5EEA005C98A3 /* OCRAStd.otf */; };
		9FC923351B0F66EE005C98A3 /* 秒针@3x.png in Resources */ = {isa = PBXBuildFile; fileRef = 9FC923311B0F66EE005C98A3 /* 秒针@3x.png */; };
		9FC923361B0F66EE005C98A3 /* 内环.png in Resources */ = {isa = PBXBuildFile; fileRef = 9FC923321B0F66EE005C98A3 /* 内环.png */; };
		9FC923371B0F66EE005C98A3 /* 外环.png in Resources */ = {isa = PBXBuildFile; fileRef = 9FC923331B0F66EE005C98A3 /* 外环.png */; };
		9FC923381B0F66EE005C98A3 /* Oval 74@3x.png in Resources */ = {isa = PBXBuildFile; fileRef = 9FC923341B0F66EE005C98A3 /* Oval 74@3x.png */; };
/* End PBXBuildFile section */

/* Begin PBXFileReference section */
		57940B281B12096A00062983 /* PrefixHeader.pch */ = {isa = PBXFileReference; lastKnownFileType = sourcecode.c.h; path = PrefixHeader.pch; sourceTree = "<group>"; };
		9F67B6B31B10683200192A11 /* 线圈.png */ = {isa = PBXFileReference; lastKnownFileType = image.png; path = "线圈.png"; sourceTree = "<group>"; };
		9FC923011B0F4C5C005C98A3 /* UTick.app */ = {isa = PBXFileReference; explicitFileType = wrapper.application; includeInIndex = 0; path = UTick.app; sourceTree = BUILT_PRODUCTS_DIR; };
		9FC923051B0F4C5C005C98A3 /* Info.plist */ = {isa = PBXFileReference; lastKnownFileType = text.plist.xml; path = Info.plist; sourceTree = "<group>"; };
		9FC923061B0F4C5C005C98A3 /* main.m */ = {isa = PBXFileReference; lastKnownFileType = sourcecode.c.objc; path = main.m; sourceTree = "<group>"; };
		9FC923081B0F4C5C005C98A3 /* AppDelegate.h */ = {isa = PBXFileReference; lastKnownFileType = sourcecode.c.h; path = AppDelegate.h; sourceTree = "<group>"; };
		9FC923091B0F4C5C005C98A3 /* AppDelegate.m */ = {isa = PBXFileReference; lastKnownFileType = sourcecode.c.objc; path = AppDelegate.m; sourceTree = "<group>"; };
		9FC9230B1B0F4C5C005C98A3 /* ViewController.h */ = {isa = PBXFileReference; lastKnownFileType = sourcecode.c.h; path = ViewController.h; sourceTree = "<group>"; };
		9FC9230C1B0F4C5C005C98A3 /* ViewController.m */ = {isa = PBXFileReference; lastKnownFileType = sourcecode.c.objc; path = ViewController.m; sourceTree = "<group>"; };
		9FC9230F1B0F4C5C005C98A3 /* Base */ = {isa = PBXFileReference; lastKnownFileType = file.storyboard; name = Base; path = Base.lproj/Main.storyboard; sourceTree = "<group>"; };
		9FC923111B0F4C5C005C98A3 /* Images.xcassets */ = {isa = PBXFileReference; lastKnownFileType = folder.assetcatalog; path = Images.xcassets; sourceTree = "<group>"; };
		9FC923141B0F4C5C005C98A3 /* Base */ = {isa = PBXFileReference; lastKnownFileType = file.xib; name = Base; path = Base.lproj/LaunchScreen.xib; sourceTree = "<group>"; };
		9FC9232B1B0F50D5005C98A3 /* 6.png */ = {isa = PBXFileReference; lastKnownFileType = image.png; path = 6.png; sourceTree = "<group>"; };
		9FC9232D1B0F579E005C98A3 /* Oval 63.png */ = {isa = PBXFileReference; lastKnownFileType = image.png; path = "Oval 63.png"; sourceTree = "<group>"; };
		9FC9232F1B0F5EEA005C98A3 /* OCRAStd.otf */ = {isa = PBXFileReference; lastKnownFileType = file; path = OCRAStd.otf; sourceTree = "<group>"; };
		9FC923311B0F66EE005C98A3 /* 秒针@3x.png */ = {isa = PBXFileReference; lastKnownFileType = image.png; path = "秒针@3x.png"; sourceTree = "<group>"; };
		9FC923321B0F66EE005C98A3 /* 内环.png */ = {isa = PBXFileReference; lastKnownFileType = image.png; path = "内环.png"; sourceTree = "<group>"; };
		9FC923331B0F66EE005C98A3 /* 外环.png */ = {isa = PBXFileReference; lastKnownFileType = image.png; path = "外环.png"; sourceTree = "<group>"; };
		9FC923341B0F66EE005C98A3 /* Oval 74@3x.png */ = {isa = PBXFileReference; lastKnownFileType = image.png; path = "Oval 74@3x.png"; sourceTree = "<group>"; };
/* End PBXFileReference section */

/* Begin PBXFrameworksBuildPhase section */
		9FC922FE1B0F4C5C005C98A3 /* Frameworks */ = {
			isa = PBXFrameworksBuildPhase;
			buildActionMask = 2147483647;
			files = (
			);
			runOnlyForDeploymentPostprocessing = 0;
		};
/* End PBXFrameworksBuildPhase section */

/* Begin PBXGroup section */
		9FC922F81B0F4C5C005C98A3 = {
			isa = PBXGroup;
			children = (
				9FC923031B0F4C5C005C98A3 /* UTick */,
				9FC923021B0F4C5C005C98A3 /* Products */,
			);
			sourceTree = "<group>";
		};
		9FC923021B0F4C5C005C98A3 /* Products */ = {
			isa = PBXGroup;
			children = (
				9FC923011B0F4C5C005C98A3 /* UTick.app */,
			);
			name = Products;
			sourceTree = "<group>";
		};
		9FC923031B0F4C5C005C98A3 /* UTick */ = {
			isa = PBXGroup;
			children = (
				9FC9232A1B0F50D5005C98A3 /* resources */,
				9FC923081B0F4C5C005C98A3 /* AppDelegate.h */,
				9FC923091B0F4C5C005C98A3 /* AppDelegate.m */,
				9FC9230B1B0F4C5C005C98A3 /* ViewController.h */,
				9FC9230C1B0F4C5C005C98A3 /* ViewController.m */,
				9FC9230E1B0F4C5C005C98A3 /* Main.storyboard */,
				9FC923111B0F4C5C005C98A3 /* Images.xcassets */,
				9FC923131B0F4C5C005C98A3 /* LaunchScreen.xib */,
				9FC923041B0F4C5C005C98A3 /* Supporting Files */,
			);
			path = UTick;
			sourceTree = "<group>";
		};
		9FC923041B0F4C5C005C98A3 /* Supporting Files */ = {
			isa = PBXGroup;
			children = (
				9FC923051B0F4C5C005C98A3 /* Info.plist */,
				9FC923061B0F4C5C005C98A3 /* main.m */,
				57940B281B12096A00062983 /* PrefixHeader.pch */,
			);
			name = "Supporting Files";
			sourceTree = "<group>";
		};
		9FC9232A1B0F50D5005C98A3 /* resources */ = {
			isa = PBXGroup;
			children = (
				9F67B6B31B10683200192A11 /* 线圈.png */,
				9FC923311B0F66EE005C98A3 /* 秒针@3x.png */,
				9FC923321B0F66EE005C98A3 /* 内环.png */,
				9FC923331B0F66EE005C98A3 /* 外环.png */,
				9FC923341B0F66EE005C98A3 /* Oval 74@3x.png */,
				9FC9232D1B0F579E005C98A3 /* Oval 63.png */,
				9FC9232F1B0F5EEA005C98A3 /* OCRAStd.otf */,
				9FC9232B1B0F50D5005C98A3 /* 6.png */,
			);
			path = resources;
			sourceTree = "<group>";
		};
/* End PBXGroup section */

/* Begin PBXNativeTarget section */
		9FC923001B0F4C5C005C98A3 /* UTick */ = {
			isa = PBXNativeTarget;
			buildConfigurationList = 9FC923241B0F4C5C005C98A3 /* Build configuration list for PBXNativeTarget "UTick" */;
			buildPhases = (
				9FC922FD1B0F4C5C005C98A3 /* Sources */,
				9FC922FE1B0F4C5C005C98A3 /* Frameworks */,
				9FC922FF1B0F4C5C005C98A3 /* Resources */,
			);
			buildRules = (
			);
			dependencies = (
			);
			name = UTick;
			productName = UTick;
			productReference = 9FC923011B0F4C5C005C98A3 /* UTick.app */;
			productType = "com.apple.product-type.application";
		};
/* End PBXNativeTarget section */

/* Begin PBXProject section */
		9FC922F91B0F4C5C005C98A3 /* Project object */ = {
			isa = PBXProject;
			attributes = {
				LastUpgradeCheck = 0630;
				ORGANIZATIONNAME = MeU;
				TargetAttributes = {
					9FC923001B0F4C5C005C98A3 = {
						CreatedOnToolsVersion = 6.3.1;
					};
				};
			};
			buildConfigurationList = 9FC922FC1B0F4C5C005C98A3 /* Build configuration list for PBXProject "UTick" */;
			compatibilityVersion = "Xcode 3.2";
			developmentRegion = English;
			hasScannedForEncodings = 0;
			knownRegions = (
				en,
				Base,
			);
			mainGroup = 9FC922F81B0F4C5C005C98A3;
			productRefGroup = 9FC923021B0F4C5C005C98A3 /* Products */;
			projectDirPath = "";
			projectRoot = "";
			targets = (
				9FC923001B0F4C5C005C98A3 /* UTick */,
			);
		};
/* End PBXProject section */

/* Begin PBXResourcesBuildPhase section */
		9FC922FF1B0F4C5C005C98A3 /* Resources */ = {
			isa = PBXResourcesBuildPhase;
			buildActionMask = 2147483647;
			files = (
				9FC923351B0F66EE005C98A3 /* 秒针@3x.png in Resources */,
				9FC923301B0F63E2005C98A3 /* OCRAStd.otf in Resources */,
				9FC9232E1B0F579E005C98A3 /* Oval 63.png in Resources */,
				9FC923101B0F4C5C005C98A3 /* Main.storyboard in Resources */,
				9FC923151B0F4C5C005C98A3 /* LaunchScreen.xib in Resources */,
				9F67B6B41B10683200192A11 /* 线圈.png in Resources */,
				9FC923371B0F66EE005C98A3 /* 外环.png in Resources */,
				9FC923361B0F66EE005C98A3 /* 内环.png in Resources */,
				9FC923381B0F66EE005C98A3 /* Oval 74@3x.png in Resources */,
				9FC9232C1B0F50D5005C98A3 /* 6.png in Resources */,
				9FC923121B0F4C5C005C98A3 /* Images.xcassets in Resources */,
			);
			runOnlyForDeploymentPostprocessing = 0;
		};
/* End PBXResourcesBuildPhase section */

/* Begin PBXSourcesBuildPhase section */
		9FC922FD1B0F4C5C005C98A3 /* Sources */ = {
			isa = PBXSourcesBuildPhase;
			buildActionMask = 2147483647;
			files = (
				9FC9230D1B0F4C5C005C98A3 /* ViewController.m in Sources */,
				9FC9230A1B0F4C5C005C98A3 /* AppDelegate.m in Sources */,
				9FC923071B0F4C5C005C98A3 /* main.m in Sources */,
			);
			runOnlyForDeploymentPostprocessing = 0;
		};
/* End PBXSourcesBuildPhase section */

/* Begin PBXVariantGroup section */
		9FC9230E1B0F4C5C005C98A3 /* Main.storyboard */ = {
			isa = PBXVariantGroup;
			children = (
				9FC9230F1B0F4C5C005C98A3 /* Base */,
			);
			name = Main.storyboard;
			sourceTree = "<group>";
		};
		9FC923131B0F4C5C005C98A3 /* LaunchScreen.xib */ = {
			isa = PBXVariantGroup;
			children = (
				9FC923141B0F4C5C005C98A3 /* Base */,
			);
			name = LaunchScreen.xib;
			sourceTree = "<group>";
		};
/* End PBXVariantGroup section */

/* Begin XCBuildConfiguration section */
		9FC923221B0F4C5C005C98A3 /* Debug */ = {
			isa = XCBuildConfiguration;
			buildSettings = {
				ALWAYS_SEARCH_USER_PATHS = NO;
				CLANG_CXX_LANGUAGE_STANDARD = "gnu++0x";
				CLANG_CXX_LIBRARY = "libc++";
				CLANG_ENABLE_MODULES = YES;
				CLANG_ENABLE_OBJC_ARC = YES;
				CLANG_WARN_BOOL_CONVERSION = YES;
				CLANG_WARN_CONSTANT_CONVERSION = YES;
				CLANG_WARN_DIRECT_OBJC_ISA_USAGE = YES_ERROR;
				CLANG_WARN_EMPTY_BODY = YES;
				CLANG_WARN_ENUM_CONVERSION = YES;
				CLANG_WARN_INT_CONVERSION = YES;
				CLANG_WARN_OBJC_ROOT_CLASS = YES_ERROR;
				CLANG_WARN_UNREACHABLE_CODE = YES;
				CLANG_WARN__DUPLICATE_METHOD_MATCH = YES;
				"CODE_SIGN_IDENTITY[sdk=iphoneos*]" = "iPhone Developer";
				COPY_PHASE_STRIP = NO;
				DEBUG_INFORMATION_FORMAT = "dwarf-with-dsym";
				ENABLE_STRICT_OBJC_MSGSEND = YES;
				GCC_C_LANGUAGE_STANDARD = gnu99;
				GCC_DYNAMIC_NO_PIC = NO;
				GCC_NO_COMMON_BLOCKS = YES;
				GCC_OPTIMIZATION_LEVEL = 0;
				GCC_PREPROCESSOR_DEFINITIONS = (
					"DEBUG=1",
					"$(inherited)",
				);
				GCC_SYMBOLS_PRIVATE_EXTERN = NO;
				GCC_WARN_64_TO_32_BIT_CONVERSION = YES;
				GCC_WARN_ABOUT_RETURN_TYPE = YES_ERROR;
				GCC_WARN_UNDECLARED_SELECTOR = YES;
				GCC_WARN_UNINITIALIZED_AUTOS = YES_AGGRESSIVE;
				GCC_WARN_UNUSED_FUNCTION = YES;
				GCC_WARN_UNUSED_VARIABLE = YES;
				IPHONEOS_DEPLOYMENT_TARGET = 7.0;
				MTL_ENABLE_DEBUG_INFO = YES;
				ONLY_ACTIVE_ARCH = YES;
				SDKROOT = iphoneos;
			};
			name = Debug;
		};
		9FC923231B0F4C5C005C98A3 /* Release */ = {
			isa = XCBuildConfiguration;
			buildSettings = {
				ALWAYS_SEARCH_USER_PATHS = NO;
				CLANG_CXX_LANGUAGE_STANDARD = "gnu++0x";
				CLANG_CXX_LIBRARY = "libc++";
				CLANG_ENABLE_MODULES = YES;
				CLANG_ENABLE_OBJC_ARC = YES;
				CLANG_WARN_BOOL_CONVERSION = YES;
				CLANG_WARN_CONSTANT_CONVERSION = YES;
				CLANG_WARN_DIRECT_OBJC_ISA_USAGE = YES_ERROR;
				CLANG_WARN_EMPTY_BODY = YES;
				CLANG_WARN_ENUM_CONVERSION = YES;
				CLANG_WARN_INT_CONVERSION = YES;
				CLANG_WARN_OBJC_ROOT_CLASS = YES_ERROR;
				CLANG_WARN_UNREACHABLE_CODE = YES;
				CLANG_WARN__DUPLICATE_METHOD_MATCH = YES;
				"CODE_SIGN_IDENTITY[sdk=iphoneos*]" = "iPhone Developer";
				COPY_PHASE_STRIP = NO;
				DEBUG_INFORMATION_FORMAT = "dwarf-with-dsym";
				ENABLE_NS_ASSERTIONS = NO;
				ENABLE_STRICT_OBJC_MSGSEND = YES;
				GCC_C_LANGUAGE_STANDARD = gnu99;
				GCC_NO_COMMON_BLOCKS = YES;
				GCC_WARN_64_TO_32_BIT_CONVERSION = YES;
				GCC_WARN_ABOUT_RETURN_TYPE = YES_ERROR;
				GCC_WARN_UNDECLARED_SELECTOR = YES;
				GCC_WARN_UNINITIALIZED_AUTOS = YES_AGGRESSIVE;
				GCC_WARN_UNUSED_FUNCTION = YES;
				GCC_WARN_UNUSED_VARIABLE = YES;
				IPHONEOS_DEPLOYMENT_TARGET = 7.0;
				MTL_ENABLE_DEBUG_INFO = NO;
				SDKROOT = iphoneos;
				VALIDATE_PRODUCT = YES;
			};
			name = Release;
		};
		9FC923251B0F4C5C005C98A3 /* Debug */ = {
			isa = XCBuildConfiguration;
			buildSettings = {
				ASSETCATALOG_COMPILER_APPICON_NAME = "AppIcon-2";
				ASSETCATALOG_COMPILER_LAUNCHIMAGE_NAME = LaunchImage;
				INFOPLIST_FILE = UTick/Info.plist;
				IPHONEOS_DEPLOYMENT_TARGET = 7.0;
				LD_RUNPATH_SEARCH_PATHS = "$(inherited) @executable_path/Frameworks";
				PRODUCT_NAME = "$(TARGET_NAME)";
			};
			name = Debug;
		};
		9FC923261B0F4C5C005C98A3 /* Release */ = {
			isa = XCBuildConfiguration;
			buildSettings = {
				ASSETCATALOG_COMPILER_APPICON_NAME = "AppIcon-2";
				ASSETCATALOG_COMPILER_LAUNCHIMAGE_NAME = LaunchImage;
				INFOPLIST_FILE = UTick/Info.plist;
				IPHONEOS_DEPLOYMENT_TARGET = 7.0;
				LD_RUNPATH_SEARCH_PATHS = "$(inherited) @executable_path/Frameworks";
				PRODUCT_NAME = "$(TARGET_NAME)";
			};
			name = Release;
		};
/* End XCBuildConfiguration section */

/* Begin XCConfigurationList section */
		9FC922FC1B0F4C5C005C98A3 /* Build configuration list for PBXProject "UTick" */ = {
			isa = XCConfigurationList;
			buildConfigurations = (
				9FC923221B0F4C5C005C98A3 /* Debug */,
				9FC923231B0F4C5C005C98A3 /* Release */,
			);
			defaultConfigurationIsVisible = 0;
			defaultConfigurationName = Release;
		};
		9FC923241B0F4C5C005C98A3 /* Build configuration list for PBXNativeTarget "UTick" */ = {
			isa = XCConfigurationList;
			buildConfigurations = (
				9FC923251B0F4C5C005C98A3 /* Debug */,
				9FC923261B0F4C5C005C98A3 /* Release */,
			);
			defaultConfigurationIsVisible = 0;
			defaultConfigurationName = Release;
		};
/* End XCConfigurationList section */
	};
	rootObject = 9FC922F91B0F4C5C005C98A3 /* Project object */;
}
